
Microsoft Visual Studio Solution File, Format Version 12.00
# Visual Studio Version 17
VisualStudioVersion = 17.2.32616.157
MinimumVisualStudioVersion = 10.0.40219.1
Project("{9A19103F-16F7-4668-BE54-9A1E7A4F7556}") = "StarComet", "StarComet\StarComet.csproj", "{2D6FD06A-AB2A-459C-9FFD-7B48B39363E1}"
EndProject
Global
	GlobalSection(SolutionConfigurationPlatforms) = preSolution
		Debug|Any CPU = Debug|Any CPU
		Release|Any CPU = Release|Any CPU
	EndGlobalSection
	GlobalSection(ProjectConfigurationPlatforms) = postSolution
		{2D6FD06A-AB2A-459C-9FFD-7B48B39363E1}.Debug|Any CPU.ActiveCfg = Debug|Any CPU
		{2D6FD06A-AB2A-459C-9FFD-7B48B39363E1}.Debug|Any CPU.Build.0 = Debug|Any CPU
		{2D6FD06A-AB2A-459C-9FFD-7B48B39363E1}.Release|Any CPU.ActiveCfg = Release|Any CPU
		{2D6FD06A-AB2A-459C-9FFD-7B48B39363E1}.Release|Any CPU.Build.0 = Release|Any CPU
	EndGlobalSection
	GlobalSection(SolutionProperties) = preSolution
		HideSolutionNode = FALSE
	EndGlobalSection
	GlobalSection(ExtensibilityGlobals) = postSolution
		SolutionGuid = {1C6C22E6-B69D-470D-B56F-CD30FDD1BC21}
	EndGlobalSection
EndGlobal
